
Microsoft Visual Studio Solution File, Format Version 12.00
# Visual Studio Version 17
VisualStudioVersion = 17.14.36202.13
MinimumVisualStudioVersion = 10.0.40219.1
Project("{FAE04EC0-301F-11D3-BF4B-00C04F79EFBC}") = "C#2AT1", "C#2AT1.csproj", "{0EFCDE22-EEE3-4A5C-93B5-A6A163195A74}"
EndProject
Project("{FAE04EC0-301F-11D3-BF4B-00C04F79EFBC}") = "DroneInterface", "DroneInterface\DroneInterface.csproj", "{3070FEB7-8F62-4CFC-94A0-33790FC1174C}"
EndProject
Global
	GlobalSection(SolutionConfigurationPlatforms) = preSolution
		Debug|Any CPU = Debug|Any CPU
		Release|Any CPU = Release|Any CPU
	EndGlobalSection
	GlobalSection(ProjectConfigurationPlatforms) = postSolution
		{0EFCDE22-EEE3-4A5C-93B5-A6A163195A74}.Debug|Any CPU.ActiveCfg = Debug|Any CPU
		{0EFCDE22-EEE3-4A5C-93B5-A6A163195A74}.Debug|Any CPU.Build.0 = Debug|Any CPU
		{0EFCDE22-EEE3-4A5C-93B5-A6A163195A74}.Release|Any CPU.ActiveCfg = Release|Any CPU
		{0EFCDE22-EEE3-4A5C-93B5-A6A163195A74}.Release|Any CPU.Build.0 = Release|Any CPU
		{3070FEB7-8F62-4CFC-94A0-33790FC1174C}.Debug|Any CPU.ActiveCfg = Debug|Any CPU
		{3070FEB7-8F62-4CFC-94A0-33790FC1174C}.Debug|Any CPU.Build.0 = Debug|Any CPU
		{3070FEB7-8F62-4CFC-94A0-33790FC1174C}.Release|Any CPU.ActiveCfg = Release|Any CPU
		{3070FEB7-8F62-4CFC-94A0-33790FC1174C}.Release|Any CPU.Build.0 = Release|Any CPU
	EndGlobalSection
	GlobalSection(SolutionProperties) = preSolution
		HideSolutionNode = FALSE
	EndGlobalSection
	GlobalSection(ExtensibilityGlobals) = postSolution
		SolutionGuid = {6903708A-9BE2-4DFD-BE08-01A3E5F929E8}
	EndGlobalSection
EndGlobal
